# This file is automatically @generated by Cargo.
# It is not intended for manual editing.
version = 4

[[package]]
name = "bitflags"
version = "2.6.0"
source = "registry+https://github.com/rust-lang/crates.io-index"
checksum = "b048fb63fd8b5923fc5aa7b340d8e156aec7ec02f0c78fa8a6ddc2613f6f71de"

[[package]]
name = "getopts"
version = "0.2.21"
source = "registry+https://github.com/rust-lang/crates.io-index"
checksum = "14dbbfd5c71d70241ecf9e6f13737f7b5ce823821063188d7e46c41d371eebd5"
dependencies = [
 "unicode-width",
]

[[package]]
name = "markanban"
version = "0.1.0"
dependencies = [
 "markdown-ast",
]

[[package]]
name = "markdown-ast"
version = "0.1.1"
source = "registry+https://github.com/rust-lang/crates.io-index"
checksum = "d0a3144cdf6273c7c25b0b2821a499ad980ff01f8902f85268d5ba35a0eabf9d"
dependencies = [
 "pulldown-cmark",
 "pulldown-cmark-to-cmark",
]

[[package]]
name = "memchr"
version = "2.7.4"
source = "registry+https://github.com/rust-lang/crates.io-index"
checksum = "78ca9ab1a0babb1e7d5695e3530886289c18cf2f87ec19a575a0abdce112e3a3"

[[package]]
name = "pulldown-cmark"
version = "0.11.3"
source = "registry+https://github.com/rust-lang/crates.io-index"
checksum = "679341d22c78c6c649893cbd6c3278dcbe9fc4faa62fea3a9296ae2b50c14625"
dependencies = [
 "bitflags",
 "getopts",
 "memchr",
 "pulldown-cmark-escape",
 "unicase",
]

[[package]]
name = "pulldown-cmark-escape"
version = "0.11.0"
source = "registry+https://github.com/rust-lang/crates.io-index"
checksum = "007d8adb5ddab6f8e3f491ac63566a7d5002cc7ed73901f72057943fa71ae1ae"

[[package]]
name = "pulldown-cmark-to-cmark"
version = "15.0.1"
source = "registry+https://github.com/rust-lang/crates.io-index"
checksum = "b9c77db841443d89a57ae94f22d29c022f6d9f41b00bddbf1f4024dbaf4bdce1"
dependencies = [
 "pulldown-cmark",
]

[[package]]
name = "unicase"
version = "2.8.1"
source = "registry+https://github.com/rust-lang/crates.io-index"
checksum = "75b844d17643ee918803943289730bec8aac480150456169e647ed0b576ba539"

[[package]]
name = "unicode-width"
version = "0.1.14"
source = "registry+https://github.com/rust-lang/crates.io-index"
checksum = "7dd6e30e90baa6f72411720665d41d89b9a3d039dc45b8faea1ddd07f617f6af"
